// !$*UTF8*$!
{
	archiveVersion = 1;
	classes = {
	};
	objectVersion = 50;
	objects = {

/* Begin PBXBuildFile section */
		B5010D0D2423596400D41DB6 /* AppDelegate.m in Sources */ = {isa = PBXBuildFile; fileRef = B5010D0C2423596400D41DB6 /* AppDelegate.m */; };
		B5010D102423596400D41DB6 /* SceneDelegate.m in Sources */ = {isa = PBXBuildFile; fileRef = B5010D0F2423596400D41DB6 /* SceneDelegate.m */; };
		B5010D132423596400D41DB6 /* ViewController.m in Sources */ = {isa = PBXBuildFile; fileRef = B5010D122423596400D41DB6 /* ViewController.m */; };
		B5010D162423596400D41DB6 /* Main.storyboard in Resources */ = {isa = PBXBuildFile; fileRef = B5010D142423596400D41DB6 /* Main.storyboard */; };
		B5010D182423596800D41DB6 /* Assets.xcassets in Resources */ = {isa = PBXBuildFile; fileRef = B5010D172423596800D41DB6 /* Assets.xcassets */; };
		B5010D1B2423596800D41DB6 /* LaunchScreen.storyboard in Resources */ = {isa = PBXBuildFile; fileRef = B5010D192423596800D41DB6 /* LaunchScreen.storyboard */; };
		B5010D1E2423596800D41DB6 /* main.m in Sources */ = {isa = PBXBuildFile; fileRef = B5010D1D2423596800D41DB6 /* main.m */; };
/* End PBXBuildFile section */

/* Begin PBXFileReference section */
		B5010D082423596400D41DB6 /* GCD初体验.app */ = {isa = PBXFileReference; explicitFileType = wrapper.application; includeInIndex = 0; path = "GCD初体验.app"; sourceTree = BUILT_PRODUCTS_DIR; };
		B5010D0B2423596400D41DB6 /* AppDelegate.h */ = {isa = PBXFileReference; lastKnownFileType = sourcecode.c.h; path = AppDelegate.h; sourceTree = "<group>"; };
		B5010D0C2423596400D41DB6 /* AppDelegate.m */ = {isa = PBXFileReference; lastKnownFileType = sourcecode.c.objc; path = AppDelegate.m; sourceTree = "<group>"; };
		B5010D0E2423596400D41DB6 /* SceneDelegate.h */ = {isa = PBXFileReference; lastKnownFileType = sourcecode.c.h; path = SceneDelegate.h; sourceTree = "<group>"; };
		B5010D0F2423596400D41DB6 /* SceneDelegate.m */ = {isa = PBXFileReference; lastKnownFileType = sourcecode.c.objc; path = SceneDelegate.m; sourceTree = "<group>"; };
		B5010D112423596400D41DB6 /* ViewController.h */ = {isa = PBXFileReference; lastKnownFileType = sourcecode.c.h; path = ViewController.h; sourceTree = "<group>"; };
		B5010D122423596400D41DB6 /* ViewController.m */ = {isa = PBXFileReference; lastKnownFileType = sourcecode.c.objc; path = ViewController.m; sourceTree = "<group>"; };
		B5010D152423596400D41DB6 /* Base */ = {isa = PBXFileReference; lastKnownFileType = file.storyboard; name = Base; path = Base.lproj/Main.storyboard; sourceTree = "<group>"; };
		B5010D172423596800D41DB6 /* Assets.xcassets */ = {isa = PBXFileReference; lastKnownFileType = folder.assetcatalog; path = Assets.xcassets; sourceTree = "<group>"; };
		B5010D1A2423596800D41DB6 /* Base */ = {isa = PBXFileReference; lastKnownFileType = file.storyboard; name = Base; path = Base.lproj/LaunchScreen.storyboard; sourceTree = "<group>"; };
		B5010D1C2423596800D41DB6 /* Info.plist */ = {isa = PBXFileReference; lastKnownFileType = text.plist.xml; path = Info.plist; sourceTree = "<group>"; };
		B5010D1D2423596800D41DB6 /* main.m */ = {isa = PBXFileReference; lastKnownFileType = sourcecode.c.objc; path = main.m; sourceTree = "<group>"; };
/* End PBXFileReference section */

/* Begin PBXFrameworksBuildPhase section */
		B5010D052423596400D41DB6 /* Frameworks */ = {
			isa = PBXFrameworksBuildPhase;
			buildActionMask = 2147483647;
			files = (
			);
			runOnlyForDeploymentPostprocessing = 0;
		};
/* End PBXFrameworksBuildPhase section */

/* Begin PBXGroup section */
		B5010CFF2423596300D41DB6 = {
			isa = PBXGroup;
			children = (
				B5010D0A2423596400D41DB6 /* GCD初体验 */,
				B5010D092423596400D41DB6 /* Products */,
			);
			sourceTree = "<group>";
		};
		B5010D092423596400D41DB6 /* Products */ = {
			isa = PBXGroup;
			children = (
				B5010D082423596400D41DB6 /* GCD初体验.app */,
			);
			name = Products;
			sourceTree = "<group>";
		};
		B5010D0A2423596400D41DB6 /* GCD初体验 */ = {
			isa = PBXGroup;
			children = (
				B5010D0B2423596400D41DB6 /* AppDelegate.h */,
				B5010D0C2423596400D41DB6 /* AppDelegate.m */,
				B5010D0E2423596400D41DB6 /* SceneDelegate.h */,
				B5010D0F2423596400D41DB6 /* SceneDelegate.m */,
				B5010D112423596400D41DB6 /* ViewController.h */,
				B5010D122423596400D41DB6 /* ViewController.m */,
				B5010D142423596400D41DB6 /* Main.storyboard */,
				B5010D172423596800D41DB6 /* Assets.xcassets */,
				B5010D192423596800D41DB6 /* LaunchScreen.storyboard */,
				B5010D1C2423596800D41DB6 /* Info.plist */,
				B5010D1D2423596800D41DB6 /* main.m */,
			);
			path = "GCD初体验";
			sourceTree = "<group>";
		};
/* End PBXGroup section */

/* Begin PBXNativeTarget section */
		B5010D072423596400D41DB6 /* GCD初体验 */ = {
			isa = PBXNativeTarget;
			buildConfigurationList = B5010D212423596800D41DB6 /* Build configuration list for PBXNativeTarget "GCD初体验" */;
			buildPhases = (
				B5010D042423596400D41DB6 /* Sources */,
				B5010D052423596400D41DB6 /* Frameworks */,
				B5010D062423596400D41DB6 /* Resources */,
			);
			buildRules = (
			);
			dependencies = (
			);
			name = "GCD初体验";
			productName = "GCD初体验";
			productReference = B5010D082423596400D41DB6 /* GCD初体验.app */;
			productType = "com.apple.product-type.application";
		};
/* End PBXNativeTarget section */

/* Begin PBXProject section */
		B5010D002423596300D41DB6 /* Project object */ = {
			isa = PBXProject;
			attributes = {
				LastUpgradeCheck = 1130;
				ORGANIZATIONNAME = "张安康康康康";
				TargetAttributes = {
					B5010D072423596400D41DB6 = {
						CreatedOnToolsVersion = 11.3.1;
					};
				};
			};
			buildConfigurationList = B5010D032423596300D41DB6 /* Build configuration list for PBXProject "GCD初体验" */;
			compatibilityVersion = "Xcode 9.3";
			developmentRegion = en;
			hasScannedForEncodings = 0;
			knownRegions = (
				en,
				Base,
			);
			mainGroup = B5010CFF2423596300D41DB6;
			productRefGroup = B5010D092423596400D41DB6 /* Products */;
			projectDirPath = "";
			projectRoot = "";
			targets = (
				B5010D072423596400D41DB6 /* GCD初体验 */,
			);
		};
/* End PBXProject section */

/* Begin PBXResourcesBuildPhase section */
		B5010D062423596400D41DB6 /* Resources */ = {
			isa = PBXResourcesBuildPhase;
			buildActionMask = 2147483647;
			files = (
				B5010D1B2423596800D41DB6 /* LaunchScreen.storyboard in Resources */,
				B5010D182423596800D41DB6 /* Assets.xcassets in Resources */,
				B5010D162423596400D41DB6 /* Main.storyboard in Resources */,
			);
			runOnlyForDeploymentPostprocessing = 0;
		};
/* End PBXResourcesBuildPhase section */

/* Begin PBXSourcesBuildPhase section */
		B5010D042423596400D41DB6 /* Sources */ = {
			isa = PBXSourcesBuildPhase;
			buildActionMask = 2147483647;
			files = (
				B5010D132423596400D41DB6 /* ViewController.m in Sources */,
				B5010D0D2423596400D41DB6 /* AppDelegate.m in Sources */,
				B5010D1E2423596800D41DB6 /* main.m in Sources */,
				B5010D102423596400D41DB6 /* SceneDelegate.m in Sources */,
			);
			runOnlyForDeploymentPostprocessing = 0;
		};
/* End PBXSourcesBuildPhase section */

/* Begin PBXVariantGroup section */
		B5010D142423596400D41DB6 /* Main.storyboard */ = {
			isa = PBXVariantGroup;
			children = (
				B5010D152423596400D41DB6 /* Base */,
			);
			name = Main.storyboard;
			sourceTree = "<group>";
		};
		B5010D192423596800D41DB6 /* LaunchScreen.storyboard */ = {
			isa = PBXVariantGroup;
			children = (
				B5010D1A2423596800D41DB6 /* Base */,
			);
			name = LaunchScreen.storyboard;
			sourceTree = "<group>";
		};
/* End PBXVariantGroup section */

/* Begin XCBuildConfiguration section */
		B5010D1F2423596800D41DB6 /* Debug */ = {
			isa = XCBuildConfiguration;
			buildSettings = {
				ALWAYS_SEARCH_USER_PATHS = NO;
				CLANG_ANALYZER_NONNULL = YES;
				CLANG_ANALYZER_NUMBER_OBJECT_CONVERSION = YES_AGGRESSIVE;
				CLANG_CXX_LANGUAGE_STANDARD = "gnu++14";
				CLANG_CXX_LIBRARY = "libc++";
				CLANG_ENABLE_MODULES = YES;
				CLANG_ENABLE_OBJC_ARC = YES;
				CLANG_ENABLE_OBJC_WEAK = YES;
				CLANG_WARN_BLOCK_CAPTURE_AUTORELEASING = YES;
				CLANG_WARN_BOOL_CONVERSION = YES;
				CLANG_WARN_COMMA = YES;
				CLANG_WARN_CONSTANT_CONVERSION = YES;
				CLANG_WARN_DEPRECATED_OBJC_IMPLEMENTATIONS = YES;
				CLANG_WARN_DIRECT_OBJC_ISA_USAGE = YES_ERROR;
				CLANG_WARN_DOCUMENTATION_COMMENTS = YES;
				CLANG_WARN_EMPTY_BODY = YES;
				CLANG_WARN_ENUM_CONVERSION = YES;
				CLANG_WARN_INFINITE_RECURSION = YES;
				CLANG_WARN_INT_CONVERSION = YES;
				CLANG_WARN_NON_LITERAL_NULL_CONVERSION = YES;
				CLANG_WARN_OBJC_IMPLICIT_RETAIN_SELF = YES;
				CLANG_WARN_OBJC_LITERAL_CONVERSION = YES;
				CLANG_WARN_OBJC_ROOT_CLASS = YES_ERROR;
				CLANG_WARN_RANGE_LOOP_ANALYSIS = YES;
				CLANG_WARN_STRICT_PROTOTYPES = YES;
				CLANG_WARN_SUSPICIOUS_MOVE = YES;
				CLANG_WARN_UNGUARDED_AVAILABILITY = YES_AGGRESSIVE;
				CLANG_WARN_UNREACHABLE_CODE = YES;
				CLANG_WARN__DUPLICATE_METHOD_MATCH = YES;
				COPY_PHASE_STRIP = NO;
				DEBUG_INFORMATION_FORMAT = dwarf;
				ENABLE_STRICT_OBJC_MSGSEND = YES;
				ENABLE_TESTABILITY = YES;
				GCC_C_LANGUAGE_STANDARD = gnu11;
				GCC_DYNAMIC_NO_PIC = NO;
				GCC_NO_COMMON_BLOCKS = YES;
				GCC_OPTIMIZATION_LEVEL = 0;
				GCC_PREPROCESSOR_DEFINITIONS = (
					"DEBUG=1",
					"$(inherited)",
				);
				GCC_WARN_64_TO_32_BIT_CONVERSION = YES;
				GCC_WARN_ABOUT_RETURN_TYPE = YES_ERROR;
				GCC_WARN_UNDECLARED_SELECTOR = YES;
				GCC_WARN_UNINITIALIZED_AUTOS = YES_AGGRESSIVE;
				GCC_WARN_UNUSED_FUNCTION = YES;
				GCC_WARN_UNUSED_VARIABLE = YES;
				IPHONEOS_DEPLOYMENT_TARGET = 13.2;
				MTL_ENABLE_DEBUG_INFO = INCLUDE_SOURCE;
				MTL_FAST_MATH = YES;
				ONLY_ACTIVE_ARCH = YES;
				SDKROOT = iphoneos;
			};
			name = Debug;
		};
		B5010D202423596800D41DB6 /* Release */ = {
			isa = XCBuildConfiguration;
			buildSettings = {
				ALWAYS_SEARCH_USER_PATHS = NO;
				CLANG_ANALYZER_NONNULL = YES;
				CLANG_ANALYZER_NUMBER_OBJECT_CONVERSION = YES_AGGRESSIVE;
				CLANG_CXX_LANGUAGE_STANDARD = "gnu++14";
				CLANG_CXX_LIBRARY = "libc++";
				CLANG_ENABLE_MODULES = YES;
				CLANG_ENABLE_OBJC_ARC = YES;
				CLANG_ENABLE_OBJC_WEAK = YES;
				CLANG_WARN_BLOCK_CAPTURE_AUTORELEASING = YES;
				CLANG_WARN_BOOL_CONVERSION = YES;
				CLANG_WARN_COMMA = YES;
				CLANG_WARN_CONSTANT_CONVERSION = YES;
				CLANG_WARN_DEPRECATED_OBJC_IMPLEMENTATIONS = YES;
				CLANG_WARN_DIRECT_OBJC_ISA_USAGE = YES_ERROR;
				CLANG_WARN_DOCUMENTATION_COMMENTS = YES;
				CLANG_WARN_EMPTY_BODY = YES;
				CLANG_WARN_ENUM_CONVERSION = YES;
				CLANG_WARN_INFINITE_RECURSION = YES;
				CLANG_WARN_INT_CONVERSION = YES;
				CLANG_WARN_NON_LITERAL_NULL_CONVERSION = YES;
				CLANG_WARN_OBJC_IMPLICIT_RETAIN_SELF = YES;
				CLANG_WARN_OBJC_LITERAL_CONVERSION = YES;
				CLANG_WARN_OBJC_ROOT_CLASS = YES_ERROR;
				CLANG_WARN_RANGE_LOOP_ANALYSIS = YES;
				CLANG_WARN_STRICT_PROTOTYPES = YES;
				CLANG_WARN_SUSPICIOUS_MOVE = YES;
				CLANG_WARN_UNGUARDED_AVAILABILITY = YES_AGGRESSIVE;
				CLANG_WARN_UNREACHABLE_CODE = YES;
				CLANG_WARN__DUPLICATE_METHOD_MATCH = YES;
				COPY_PHASE_STRIP = NO;
				DEBUG_INFORMATION_FORMAT = "dwarf-with-dsym";
				ENABLE_NS_ASSERTIONS = NO;
				ENABLE_STRICT_OBJC_MSGSEND = YES;
				GCC_C_LANGUAGE_STANDARD = gnu11;
				GCC_NO_COMMON_BLOCKS = YES;
				GCC_WARN_64_TO_32_BIT_CONVERSION = YES;
				GCC_WARN_ABOUT_RETURN_TYPE = YES_ERROR;
				GCC_WARN_UNDECLARED_SELECTOR = YES;
				GCC_WARN_UNINITIALIZED_AUTOS = YES_AGGRESSIVE;
				GCC_WARN_UNUSED_FUNCTION = YES;
				GCC_WARN_UNUSED_VARIABLE = YES;
				IPHONEOS_DEPLOYMENT_TARGET = 13.2;
				MTL_ENABLE_DEBUG_INFO = NO;
				MTL_FAST_MATH = YES;
				SDKROOT = iphoneos;
				VALIDATE_PRODUCT = YES;
			};
			name = Release;
		};
		B5010D222423596800D41DB6 /* Debug */ = {
			isa = XCBuildConfiguration;
			buildSettings = {
				ASSETCATALOG_COMPILER_APPICON_NAME = AppIcon;
				CODE_SIGN_STYLE = Automatic;
				INFOPLIST_FILE = "GCD初体验/Info.plist";
				LD_RUNPATH_SEARCH_PATHS = (
					"$(inherited)",
					"@executable_path/Frameworks",
				);
				PRODUCT_BUNDLE_IDENTIFIER = "-520zak.GCD---";
				PRODUCT_NAME = "$(TARGET_NAME)";
				TARGETED_DEVICE_FAMILY = "1,2";
			};
			name = Debug;
		};
		B5010D232423596800D41DB6 /* Release */ = {
			isa = XCBuildConfiguration;
			buildSettings = {
				ASSETCATALOG_COMPILER_APPICON_NAME = AppIcon;
				CODE_SIGN_STYLE = Automatic;
				INFOPLIST_FILE = "GCD初体验/Info.plist";
				LD_RUNPATH_SEARCH_PATHS = (
					"$(inherited)",
					"@executable_path/Frameworks",
				);
				PRODUCT_BUNDLE_IDENTIFIER = "-520zak.GCD---";
				PRODUCT_NAME = "$(TARGET_NAME)";
				TARGETED_DEVICE_FAMILY = "1,2";
			};
			name = Release;
		};
/* End XCBuildConfiguration section */

/* Begin XCConfigurationList section */
		B5010D032423596300D41DB6 /* Build configuration list for PBXProject "GCD初体验" */ = {
			isa = XCConfigurationList;
			buildConfigurations = (
				B5010D1F2423596800D41DB6 /* Debug */,
				B5010D202423596800D41DB6 /* Release */,
			);
			defaultConfigurationIsVisible = 0;
			defaultConfigurationName = Release;
		};
		B5010D212423596800D41DB6 /* Build configuration list for PBXNativeTarget "GCD初体验" */ = {
			isa = XCConfigurationList;
			buildConfigurations = (
				B5010D222423596800D41DB6 /* Debug */,
				B5010D232423596800D41DB6 /* Release */,
			);
			defaultConfigurationIsVisible = 0;
			defaultConfigurationName = Release;
		};
/* End XCConfigurationList section */
	};
	rootObject = B5010D002423596300D41DB6 /* Project object */;
}
